
Microsoft Visual Studio Solution File, Format Version 12.00
# Visual Studio Version 16
VisualStudioVersion = 16.0.29411.108
MinimumVisualStudioVersion = 10.0.40219.1
Project("{FAE04EC0-301F-11D3-BF4B-00C04F79EFBC}") = "CodeSnippetsAndINotifyPropertyChanged", "CodeSnippetsAndINotifyPropertyChanged\CodeSnippetsAndINotifyPropertyChanged.csproj", "{B70298D3-51C7-4BF6-A612-5C7F59F63682}"
EndProject
Global
	GlobalSection(SolutionConfigurationPlatforms) = preSolution
		Debug|Any CPU = Debug|Any CPU
		Release|Any CPU = Release|Any CPU
	EndGlobalSection
	GlobalSection(ProjectConfigurationPlatforms) = postSolution
		{B70298D3-51C7-4BF6-A612-5C7F59F63682}.Debug|Any CPU.ActiveCfg = Debug|Any CPU
		{B70298D3-51C7-4BF6-A612-5C7F59F63682}.Debug|Any CPU.Build.0 = Debug|Any CPU
		{B70298D3-51C7-4BF6-A612-5C7F59F63682}.Release|Any CPU.ActiveCfg = Release|Any CPU
		{B70298D3-51C7-4BF6-A612-5C7F59F63682}.Release|Any CPU.Build.0 = Release|Any CPU
	EndGlobalSection
	GlobalSection(SolutionProperties) = preSolution
		HideSolutionNode = FALSE
	EndGlobalSection
	GlobalSection(ExtensibilityGlobals) = postSolution
		SolutionGuid = {BC4614B7-6871-4A7F-AADC-80F8D7E30BB9}
	EndGlobalSection
EndGlobal
